<Solution>
  <Folder Name="/src/">
    <Project Path="src/TextRecast.App/TextRecast.App.csproj" />
    <Project Path="src/TextRecast.Core/TextRecast.Core.csproj" />
    <Project Path="src/TextRecast.Deployment/TextRecast.Deployment.csproj" />
    <Project Path="src/TextRecast.Infrastructure/TextRecast.Infrastructure.csproj" />
    <Project Path="src/TextRecast.Setup/TextRecast.Setup.csproj" />
  </Folder>
  <Folder Name="/tests/">
    <Project Path="tests/TextRecast.Core.Tests/TextRecast.Core.Tests.csproj" />
    <Project Path="tests/TextRecast.Deployment.Tests/TextRecast.Deployment.Tests.csproj" />
    <Project Path="tests/TextRecast.Infrastructure.Tests/TextRecast.Infrastructure.Tests.csproj" />
    <Project Path="tests/TextRecast.Setup.Tests/TextRecast.Setup.Tests.csproj" />
  </Folder>
  <Folder Name="/tools/">
    <Project Path="tools/TextRecast.ModelBenchmarks/TextRecast.ModelBenchmarks.csproj" />
  </Folder>
</Solution>
